{
    "_meta": {
        "hash": {
            "sha256": "00488a15bc82584fbdd548645181665e32480d7c202b588e8aa45fbc94ca15d3"
        },
        "pipfile-spec": 6,
        "requires": {
            "python_version": "3.12"
        },
        "sources": [
            {
                "name": "pypi",
                "url": "https://pypi.org/simple",
                "verify_ssl": true
            }
        ]
    },
    "default": {
        "importhook": {
            "hashes": [
                "sha256:635ad367225fa022221025545c167b09d09ada671821b6e587df0d5ae4bf0aab",
                "sha256:64500997b59abf054ddd5037c5133879a4b3ee2091370b46af30befd0be331c1"
            ],
            "index": "pypi",
            "markers": "python_version >= '3.4'",
            "version": "==1.0.9"
        }
    },
    "develop": {}
}
