# This file is automatically @generated by Poetry 1.8.3 and should not be changed by hand.

[[package]]
name = "importhook"
version = "1.0.9"
description = "Execute code when certain modules are imported"
optional = false
python-versions = ">3.3"
files = [
    {file = "importhook-1.0.9-py3-none-any.whl", hash = "sha256:64500997b59abf054ddd5037c5133879a4b3ee2091370b46af30befd0be331c1"},
    {file = "importhook-1.0.9.tar.gz", hash = "sha256:635ad367225fa022221025545c167b09d09ada671821b6e587df0d5ae4bf0aab"},
]

[metadata]
lock-version = "2.0"
python-versions = "^3.12"
content-hash = "646bb6ea3da065aa5a4e3683f8cdb1359e22726c0d06a109bb19a2d3f383c661"
